// !$*UTF8*$!
{
	archiveVersion = 1;
	classes = {
	};
	objectVersion = 46;
	objects = {

/* Begin PBXBuildFile section */
		A795668D1CA29CBF00A79EE6 /* AppDelegate.swift in Sources */ = {isa = PBXBuildFile; fileRef = A795668C1CA29CBF00A79EE6 /* AppDelegate.swift */; };
		A79566971CA29CBF00A79EE6 /* Assets.xcassets in Resources */ = {isa = PBXBuildFile; fileRef = A79566961CA29CBF00A79EE6 /* Assets.xcassets */; };
		A795669A1CA29CBF00A79EE6 /* LaunchScreen.storyboard in Resources */ = {isa = PBXBuildFile; fileRef = A79566981CA29CBF00A79EE6 /* LaunchScreen.storyboard */; };
		A79566A51CA29CC000A79EE6 /* UserProfileTests.swift in Sources */ = {isa = PBXBuildFile; fileRef = A79566A41CA29CC000A79EE6 /* UserProfileTests.swift */; };
		A79566B01CA29CC000A79EE6 /* UserProfileUITests.swift in Sources */ = {isa = PBXBuildFile; fileRef = A79566AF1CA29CC000A79EE6 /* UserProfileUITests.swift */; };
		A79566E01CA3E9C900A79EE6 /* UserModel.swift in Sources */ = {isa = PBXBuildFile; fileRef = A79566DF1CA3E9C900A79EE6 /* UserModel.swift */; };
		A79566E31CA3E9D600A79EE6 /* User.swift in Sources */ = {isa = PBXBuildFile; fileRef = A79566E11CA3E9D600A79EE6 /* User.swift */; };
		A79566E41CA3E9D600A79EE6 /* User+CoreDataProperties.swift in Sources */ = {isa = PBXBuildFile; fileRef = A79566E21CA3E9D600A79EE6 /* User+CoreDataProperties.swift */; };
		A79566E61CA3E9E500A79EE6 /* CoreDataManager.swift in Sources */ = {isa = PBXBuildFile; fileRef = A79566E51CA3E9E500A79EE6 /* CoreDataManager.swift */; };
		A79566E81CA3E9EE00A79EE6 /* UserProvider.swift in Sources */ = {isa = PBXBuildFile; fileRef = A79566E71CA3E9EE00A79EE6 /* UserProvider.swift */; };
		A79566EB1CA3EA0D00A79EE6 /* UserProfile.xcdatamodeld in Sources */ = {isa = PBXBuildFile; fileRef = A79566E91CA3EA0D00A79EE6 /* UserProfile.xcdatamodeld */; };
		A795671C1CA3F46800A79EE6 /* UserProfile.storyboard in Resources */ = {isa = PBXBuildFile; fileRef = A795671A1CA3F46800A79EE6 /* UserProfile.storyboard */; };
		A795671D1CA3F46800A79EE6 /* UserProfileVC.swift in Sources */ = {isa = PBXBuildFile; fileRef = A795671B1CA3F46800A79EE6 /* UserProfileVC.swift */; };
		A79567201CA3F47300A79EE6 /* UserProfileWireframe.swift in Sources */ = {isa = PBXBuildFile; fileRef = A795671E1CA3F47300A79EE6 /* UserProfileWireframe.swift */; };
		A79567211CA3F47300A79EE6 /* UserProfileWireframeProtocol.swift in Sources */ = {isa = PBXBuildFile; fileRef = A795671F1CA3F47300A79EE6 /* UserProfileWireframeProtocol.swift */; };
		A79567241CA3F47B00A79EE6 /* UserProfileInteractor.swift in Sources */ = {isa = PBXBuildFile; fileRef = A79567221CA3F47B00A79EE6 /* UserProfileInteractor.swift */; };
		A79567251CA3F47B00A79EE6 /* UserProfileInteractorProtocol.swift in Sources */ = {isa = PBXBuildFile; fileRef = A79567231CA3F47B00A79EE6 /* UserProfileInteractorProtocol.swift */; };
		A79567281CA3F49400A79EE6 /* ChangingPwd.storyboard in Resources */ = {isa = PBXBuildFile; fileRef = A79567261CA3F49400A79EE6 /* ChangingPwd.storyboard */; };
		A79567291CA3F49400A79EE6 /* ChangingPwdVC.swift in Sources */ = {isa = PBXBuildFile; fileRef = A79567271CA3F49400A79EE6 /* ChangingPwdVC.swift */; };
		A795672C1CA3F49C00A79EE6 /* ChangingPwdWireframe.swift in Sources */ = {isa = PBXBuildFile; fileRef = A795672A1CA3F49C00A79EE6 /* ChangingPwdWireframe.swift */; };
		A795672D1CA3F49C00A79EE6 /* ChangingPwdWireframeProtocol.swift in Sources */ = {isa = PBXBuildFile; fileRef = A795672B1CA3F49C00A79EE6 /* ChangingPwdWireframeProtocol.swift */; };
		A79567301CA3F4A400A79EE6 /* ChangingPwdInteractor.swift in Sources */ = {isa = PBXBuildFile; fileRef = A795672E1CA3F4A400A79EE6 /* ChangingPwdInteractor.swift */; };
		A79567311CA3F4A400A79EE6 /* ChangingPwdInteractorProtocol.swift in Sources */ = {isa = PBXBuildFile; fileRef = A795672F1CA3F4A400A79EE6 /* ChangingPwdInteractorProtocol.swift */; };
		A79567481CA3F72E00A79EE6 /* HomeInteractor.swift in Sources */ = {isa = PBXBuildFile; fileRef = A79567461CA3F72E00A79EE6 /* HomeInteractor.swift */; };
		A79567491CA3F72E00A79EE6 /* HomeInteractorProtocol.swift in Sources */ = {isa = PBXBuildFile; fileRef = A79567471CA3F72E00A79EE6 /* HomeInteractorProtocol.swift */; };
		A795674C1CA3F73600A79EE6 /* HomeWireframe.swift in Sources */ = {isa = PBXBuildFile; fileRef = A795674A1CA3F73600A79EE6 /* HomeWireframe.swift */; };
		A795674D1CA3F73600A79EE6 /* HomeWireframeProtocol.swift in Sources */ = {isa = PBXBuildFile; fileRef = A795674B1CA3F73600A79EE6 /* HomeWireframeProtocol.swift */; };
		A795674F1CA3F73F00A79EE6 /* HomeVC.swift in Sources */ = {isa = PBXBuildFile; fileRef = A795674E1CA3F73F00A79EE6 /* HomeVC.swift */; };
		A79567511CA3F77500A79EE6 /* Home.storyboard in Resources */ = {isa = PBXBuildFile; fileRef = A79567501CA3F77500A79EE6 /* Home.storyboard */; };
/* End PBXBuildFile section */

/* Begin PBXContainerItemProxy section */
		A79566A11CA29CC000A79EE6 /* PBXContainerItemProxy */ = {
			isa = PBXContainerItemProxy;
			containerPortal = A79566811CA29CBF00A79EE6 /* Project object */;
			proxyType = 1;
			remoteGlobalIDString = A79566881CA29CBF00A79EE6;
			remoteInfo = UserProfile;
		};
		A79566AC1CA29CC000A79EE6 /* PBXContainerItemProxy */ = {
			isa = PBXContainerItemProxy;
			containerPortal = A79566811CA29CBF00A79EE6 /* Project object */;
			proxyType = 1;
			remoteGlobalIDString = A79566881CA29CBF00A79EE6;
			remoteInfo = UserProfile;
		};
/* End PBXContainerItemProxy section */

/* Begin PBXFileReference section */
		A79566891CA29CBF00A79EE6 /* UserProfile.app */ = {isa = PBXFileReference; explicitFileType = wrapper.application; includeInIndex = 0; path = UserProfile.app; sourceTree = BUILT_PRODUCTS_DIR; };
		A795668C1CA29CBF00A79EE6 /* AppDelegate.swift */ = {isa = PBXFileReference; lastKnownFileType = sourcecode.swift; path = AppDelegate.swift; sourceTree = "<group>"; };
		A79566961CA29CBF00A79EE6 /* Assets.xcassets */ = {isa = PBXFileReference; lastKnownFileType = folder.assetcatalog; path = Assets.xcassets; sourceTree = "<group>"; };
		A79566991CA29CBF00A79EE6 /* Base */ = {isa = PBXFileReference; lastKnownFileType = file.storyboard; name = Base; path = Base.lproj/LaunchScreen.storyboard; sourceTree = "<group>"; };
		A795669B1CA29CBF00A79EE6 /* Info.plist */ = {isa = PBXFileReference; lastKnownFileType = text.plist.xml; path = Info.plist; sourceTree = "<group>"; };
		A79566A01CA29CC000A79EE6 /* UserProfileTests.xctest */ = {isa = PBXFileReference; explicitFileType = wrapper.cfbundle; includeInIndex = 0; path = UserProfileTests.xctest; sourceTree = BUILT_PRODUCTS_DIR; };
		A79566A41CA29CC000A79EE6 /* UserProfileTests.swift */ = {isa = PBXFileReference; lastKnownFileType = sourcecode.swift; path = UserProfileTests.swift; sourceTree = "<group>"; };
		A79566A61CA29CC000A79EE6 /* Info.plist */ = {isa = PBXFileReference; lastKnownFileType = text.plist.xml; path = Info.plist; sourceTree = "<group>"; };
		A79566AB1CA29CC000A79EE6 /* UserProfileUITests.xctest */ = {isa = PBXFileReference; explicitFileType = wrapper.cfbundle; includeInIndex = 0; path = UserProfileUITests.xctest; sourceTree = BUILT_PRODUCTS_DIR; };
		A79566AF1CA29CC000A79EE6 /* UserProfileUITests.swift */ = {isa = PBXFileReference; lastKnownFileType = sourcecode.swift; path = UserProfileUITests.swift; sourceTree = "<group>"; };
		A79566B11CA29CC000A79EE6 /* Info.plist */ = {isa = PBXFileReference; lastKnownFileType = text.plist.xml; path = Info.plist; sourceTree = "<group>"; };
		A79566BF1CA2B1E200A79EE6 /* UserProfile-Bridging-Header.h */ = {isa = PBXFileReference; lastKnownFileType = sourcecode.c.h; path = "UserProfile-Bridging-Header.h"; sourceTree = "<group>"; };
		A79566DF1CA3E9C900A79EE6 /* UserModel.swift */ = {isa = PBXFileReference; fileEncoding = 4; lastKnownFileType = sourcecode.swift; name = UserModel.swift; path = "Data store/Models/UserModel.swift"; sourceTree = "<group>"; };
		A79566E11CA3E9D600A79EE6 /* User.swift */ = {isa = PBXFileReference; fileEncoding = 4; lastKnownFileType = sourcecode.swift; name = User.swift; path = "Data store/Managed Entities/User.swift"; sourceTree = "<group>"; };
		A79566E21CA3E9D600A79EE6 /* User+CoreDataProperties.swift */ = {isa = PBXFileReference; fileEncoding = 4; lastKnownFileType = sourcecode.swift; name = "User+CoreDataProperties.swift"; path = "Data store/Managed Entities/User+CoreDataProperties.swift"; sourceTree = "<group>"; };
		A79566E51CA3E9E500A79EE6 /* CoreDataManager.swift */ = {isa = PBXFileReference; fileEncoding = 4; lastKnownFileType = sourcecode.swift; name = CoreDataManager.swift; path = "Data store/CoreDataManager.swift"; sourceTree = "<group>"; };
		A79566E71CA3E9EE00A79EE6 /* UserProvider.swift */ = {isa = PBXFileReference; fileEncoding = 4; lastKnownFileType = sourcecode.swift; name = UserProvider.swift; path = "Data store/UserProvider.swift"; sourceTree = "<group>"; };
		A79566EA1CA3EA0D00A79EE6 /* UserProfile.xcdatamodel */ = {isa = PBXFileReference; lastKnownFileType = wrapper.xcdatamodel; path = UserProfile.xcdatamodel; sourceTree = "<group>"; };
		A795671A1CA3F46800A79EE6 /* UserProfile.storyboard */ = {isa = PBXFileReference; fileEncoding = 4; lastKnownFileType = file.storyboard; name = UserProfile.storyboard; path = Modules/UserProfile/UI/UserProfile.storyboard; sourceTree = "<group>"; };
		A795671B1CA3F46800A79EE6 /* UserProfileVC.swift */ = {isa = PBXFileReference; fileEncoding = 4; lastKnownFileType = sourcecode.swift; name = UserProfileVC.swift; path = Modules/UserProfile/UI/UserProfileVC.swift; sourceTree = "<group>"; };
		A795671E1CA3F47300A79EE6 /* UserProfileWireframe.swift */ = {isa = PBXFileReference; fileEncoding = 4; lastKnownFileType = sourcecode.swift; name = UserProfileWireframe.swift; path = Modules/UserProfile/Routing/UserProfileWireframe.swift; sourceTree = "<group>"; };
		A795671F1CA3F47300A79EE6 /* UserProfileWireframeProtocol.swift */ = {isa = PBXFileReference; fileEncoding = 4; lastKnownFileType = sourcecode.swift; name = UserProfileWireframeProtocol.swift; path = Modules/UserProfile/Routing/UserProfileWireframeProtocol.swift; sourceTree = "<group>"; };
		A79567221CA3F47B00A79EE6 /* UserProfileInteractor.swift */ = {isa = PBXFileReference; fileEncoding = 4; lastKnownFileType = sourcecode.swift; name = UserProfileInteractor.swift; path = Modules/UserProfile/BuisnessLogic/UserProfileInteractor.swift; sourceTree = "<group>"; };
		A79567231CA3F47B00A79EE6 /* UserProfileInteractorProtocol.swift */ = {isa = PBXFileReference; fileEncoding = 4; lastKnownFileType = sourcecode.swift; name = UserProfileInteractorProtocol.swift; path = Modules/UserProfile/BuisnessLogic/UserProfileInteractorProtocol.swift; sourceTree = "<group>"; };
		A79567261CA3F49400A79EE6 /* ChangingPwd.storyboard */ = {isa = PBXFileReference; fileEncoding = 4; lastKnownFileType = file.storyboard; name = ChangingPwd.storyboard; path = Modules/ChangingPassword/UI/ChangingPwd.storyboard; sourceTree = "<group>"; };
		A79567271CA3F49400A79EE6 /* ChangingPwdVC.swift */ = {isa = PBXFileReference; fileEncoding = 4; lastKnownFileType = sourcecode.swift; name = ChangingPwdVC.swift; path = Modules/ChangingPassword/UI/ChangingPwdVC.swift; sourceTree = "<group>"; };
		A795672A1CA3F49C00A79EE6 /* ChangingPwdWireframe.swift */ = {isa = PBXFileReference; fileEncoding = 4; lastKnownFileType = sourcecode.swift; name = ChangingPwdWireframe.swift; path = Modules/ChangingPassword/Routing/ChangingPwdWireframe.swift; sourceTree = "<group>"; };
		A795672B1CA3F49C00A79EE6 /* ChangingPwdWireframeProtocol.swift */ = {isa = PBXFileReference; fileEncoding = 4; lastKnownFileType = sourcecode.swift; name = ChangingPwdWireframeProtocol.swift; path = Modules/ChangingPassword/Routing/ChangingPwdWireframeProtocol.swift; sourceTree = "<group>"; };
		A795672E1CA3F4A400A79EE6 /* ChangingPwdInteractor.swift */ = {isa = PBXFileReference; fileEncoding = 4; lastKnownFileType = sourcecode.swift; name = ChangingPwdInteractor.swift; path = Modules/ChangingPassword/BuisnessLogic/ChangingPwdInteractor.swift; sourceTree = "<group>"; };
		A795672F1CA3F4A400A79EE6 /* ChangingPwdInteractorProtocol.swift */ = {isa = PBXFileReference; fileEncoding = 4; lastKnownFileType = sourcecode.swift; name = ChangingPwdInteractorProtocol.swift; path = Modules/ChangingPassword/BuisnessLogic/ChangingPwdInteractorProtocol.swift; sourceTree = "<group>"; };
		A79567461CA3F72E00A79EE6 /* HomeInteractor.swift */ = {isa = PBXFileReference; fileEncoding = 4; lastKnownFileType = sourcecode.swift; name = HomeInteractor.swift; path = Modules/Home/BuisnessLogic/HomeInteractor.swift; sourceTree = "<group>"; };
		A79567471CA3F72E00A79EE6 /* HomeInteractorProtocol.swift */ = {isa = PBXFileReference; fileEncoding = 4; lastKnownFileType = sourcecode.swift; name = HomeInteractorProtocol.swift; path = Modules/Home/BuisnessLogic/HomeInteractorProtocol.swift; sourceTree = "<group>"; };
		A795674A1CA3F73600A79EE6 /* HomeWireframe.swift */ = {isa = PBXFileReference; fileEncoding = 4; lastKnownFileType = sourcecode.swift; name = HomeWireframe.swift; path = Modules/Home/Routing/HomeWireframe.swift; sourceTree = "<group>"; };
		A795674B1CA3F73600A79EE6 /* HomeWireframeProtocol.swift */ = {isa = PBXFileReference; fileEncoding = 4; lastKnownFileType = sourcecode.swift; name = HomeWireframeProtocol.swift; path = Modules/Home/Routing/HomeWireframeProtocol.swift; sourceTree = "<group>"; };
		A795674E1CA3F73F00A79EE6 /* HomeVC.swift */ = {isa = PBXFileReference; fileEncoding = 4; lastKnownFileType = sourcecode.swift; name = HomeVC.swift; path = Modules/Home/UI/HomeVC.swift; sourceTree = "<group>"; };
		A79567501CA3F77500A79EE6 /* Home.storyboard */ = {isa = PBXFileReference; fileEncoding = 4; lastKnownFileType = file.storyboard; name = Home.storyboard; path = Modules/Home/UI/Home.storyboard; sourceTree = "<group>"; };
/* End PBXFileReference section */

/* Begin PBXFrameworksBuildPhase section */
		A79566861CA29CBF00A79EE6 /* Frameworks */ = {
			isa = PBXFrameworksBuildPhase;
			buildActionMask = 2147483647;
			files = (
			);
			runOnlyForDeploymentPostprocessing = 0;
		};
		A795669D1CA29CC000A79EE6 /* Frameworks */ = {
			isa = PBXFrameworksBuildPhase;
			buildActionMask = 2147483647;
			files = (
			);
			runOnlyForDeploymentPostprocessing = 0;
		};
		A79566A81CA29CC000A79EE6 /* Frameworks */ = {
			isa = PBXFrameworksBuildPhase;
			buildActionMask = 2147483647;
			files = (
			);
			runOnlyForDeploymentPostprocessing = 0;
		};
/* End PBXFrameworksBuildPhase section */

/* Begin PBXGroup section */
		A79566801CA29CBF00A79EE6 = {
			isa = PBXGroup;
			children = (
				A795668B1CA29CBF00A79EE6 /* UserProfile */,
				A79566A31CA29CC000A79EE6 /* UserProfileTests */,
				A79566AE1CA29CC000A79EE6 /* UserProfileUITests */,
				A795668A1CA29CBF00A79EE6 /* Products */,
				A79566BF1CA2B1E200A79EE6 /* UserProfile-Bridging-Header.h */,
			);
			sourceTree = "<group>";
		};
		A795668A1CA29CBF00A79EE6 /* Products */ = {
			isa = PBXGroup;
			children = (
				A79566891CA29CBF00A79EE6 /* UserProfile.app */,
				A79566A01CA29CC000A79EE6 /* UserProfileTests.xctest */,
				A79566AB1CA29CC000A79EE6 /* UserProfileUITests.xctest */,
			);
			name = Products;
			sourceTree = "<group>";
		};
		A795668B1CA29CBF00A79EE6 /* UserProfile */ = {
			isa = PBXGroup;
			children = (
				A795668C1CA29CBF00A79EE6 /* AppDelegate.swift */,
				A79566EC1CA3ED0A00A79EE6 /* Modules */,
				A79566D81CA3E73D00A79EE6 /* Data store */,
				A79566961CA29CBF00A79EE6 /* Assets.xcassets */,
				A79566981CA29CBF00A79EE6 /* LaunchScreen.storyboard */,
				A795669B1CA29CBF00A79EE6 /* Info.plist */,
			);
			path = UserProfile;
			sourceTree = "<group>";
		};
		A79566A31CA29CC000A79EE6 /* UserProfileTests */ = {
			isa = PBXGroup;
			children = (
				A79566A41CA29CC000A79EE6 /* UserProfileTests.swift */,
				A79566A61CA29CC000A79EE6 /* Info.plist */,
			);
			path = UserProfileTests;
			sourceTree = "<group>";
		};
		A79566AE1CA29CC000A79EE6 /* UserProfileUITests */ = {
			isa = PBXGroup;
			children = (
				A79566AF1CA29CC000A79EE6 /* UserProfileUITests.swift */,
				A79566B11CA29CC000A79EE6 /* Info.plist */,
			);
			path = UserProfileUITests;
			sourceTree = "<group>";
		};
		A79566D81CA3E73D00A79EE6 /* Data store */ = {
			isa = PBXGroup;
			children = (
				A79566D91CA3E75E00A79EE6 /* Managed Entities */,
				A79566DA1CA3E7A700A79EE6 /* Models */,
				A79566E51CA3E9E500A79EE6 /* CoreDataManager.swift */,
				A79566E71CA3E9EE00A79EE6 /* UserProvider.swift */,
				A79566E91CA3EA0D00A79EE6 /* UserProfile.xcdatamodeld */,
			);
			name = "Data store";
			sourceTree = "<group>";
		};
		A79566D91CA3E75E00A79EE6 /* Managed Entities */ = {
			isa = PBXGroup;
			children = (
				A79566E11CA3E9D600A79EE6 /* User.swift */,
				A79566E21CA3E9D600A79EE6 /* User+CoreDataProperties.swift */,
			);
			name = "Managed Entities";
			sourceTree = "<group>";
		};
		A79566DA1CA3E7A700A79EE6 /* Models */ = {
			isa = PBXGroup;
			children = (
				A79566DF1CA3E9C900A79EE6 /* UserModel.swift */,
			);
			name = Models;
			sourceTree = "<group>";
		};
		A79566EC1CA3ED0A00A79EE6 /* Modules */ = {
			isa = PBXGroup;
			children = (
				A79567421CA3F6EB00A79EE6 /* Home */,
				A79566ED1CA3ED1600A79EE6 /* UserProfile */,
				A79566EE1CA3ED2900A79EE6 /* ChangingPassword */,
			);
			name = Modules;
			sourceTree = "<group>";
		};
		A79566ED1CA3ED1600A79EE6 /* UserProfile */ = {
			isa = PBXGroup;
			children = (
				A79566F51CA3EDB900A79EE6 /* UI */,
				A79566F41CA3EDB300A79EE6 /* Routing */,
				A79566F31CA3EDAB00A79EE6 /* BuisnessLogic */,
			);
			name = UserProfile;
			sourceTree = "<group>";
		};
		A79566EE1CA3ED2900A79EE6 /* ChangingPassword */ = {
			isa = PBXGroup;
			children = (
				A79566F21CA3ED8200A79EE6 /* UI */,
				A79566F01CA3ED6600A79EE6 /* Routing */,
				A79566EF1CA3ED4200A79EE6 /* BuisnessLogic */,
			);
			name = ChangingPassword;
			sourceTree = "<group>";
		};
		A79566EF1CA3ED4200A79EE6 /* BuisnessLogic */ = {
			isa = PBXGroup;
			children = (
				A795672E1CA3F4A400A79EE6 /* ChangingPwdInteractor.swift */,
				A795672F1CA3F4A400A79EE6 /* ChangingPwdInteractorProtocol.swift */,
			);
			name = BuisnessLogic;
			sourceTree = "<group>";
		};
		A79566F01CA3ED6600A79EE6 /* Routing */ = {
			isa = PBXGroup;
			children = (
				A795672A1CA3F49C00A79EE6 /* ChangingPwdWireframe.swift */,
				A795672B1CA3F49C00A79EE6 /* ChangingPwdWireframeProtocol.swift */,
			);
			name = Routing;
			sourceTree = "<group>";
		};
		A79566F21CA3ED8200A79EE6 /* UI */ = {
			isa = PBXGroup;
			children = (
				A79567261CA3F49400A79EE6 /* ChangingPwd.storyboard */,
				A79567271CA3F49400A79EE6 /* ChangingPwdVC.swift */,
			);
			name = UI;
			sourceTree = "<group>";
		};
		A79566F31CA3EDAB00A79EE6 /* BuisnessLogic */ = {
			isa = PBXGroup;
			children = (
				A79567221CA3F47B00A79EE6 /* UserProfileInteractor.swift */,
				A79567231CA3F47B00A79EE6 /* UserProfileInteractorProtocol.swift */,
			);
			name = BuisnessLogic;
			sourceTree = "<group>";
		};
		A79566F41CA3EDB300A79EE6 /* Routing */ = {
			isa = PBXGroup;
			children = (
				A795671E1CA3F47300A79EE6 /* UserProfileWireframe.swift */,
				A795671F1CA3F47300A79EE6 /* UserProfileWireframeProtocol.swift */,
			);
			name = Routing;
			sourceTree = "<group>";
		};
		A79566F51CA3EDB900A79EE6 /* UI */ = {
			isa = PBXGroup;
			children = (
				A795671A1CA3F46800A79EE6 /* UserProfile.storyboard */,
				A795671B1CA3F46800A79EE6 /* UserProfileVC.swift */,
			);
			name = UI;
			sourceTree = "<group>";
		};
		A79567421CA3F6EB00A79EE6 /* Home */ = {
			isa = PBXGroup;
			children = (
				A79567451CA3F70000A79EE6 /* UI */,
				A79567441CA3F6FE00A79EE6 /* Routing */,
				A79567431CA3F6F500A79EE6 /* BuisnessLogic */,
			);
			name = Home;
			sourceTree = "<group>";
		};
		A79567431CA3F6F500A79EE6 /* BuisnessLogic */ = {
			isa = PBXGroup;
			children = (
				A79567461CA3F72E00A79EE6 /* HomeInteractor.swift */,
				A79567471CA3F72E00A79EE6 /* HomeInteractorProtocol.swift */,
			);
			name = BuisnessLogic;
			sourceTree = "<group>";
		};
		A79567441CA3F6FE00A79EE6 /* Routing */ = {
			isa = PBXGroup;
			children = (
				A795674A1CA3F73600A79EE6 /* HomeWireframe.swift */,
				A795674B1CA3F73600A79EE6 /* HomeWireframeProtocol.swift */,
			);
			name = Routing;
			sourceTree = "<group>";
		};
		A79567451CA3F70000A79EE6 /* UI */ = {
			isa = PBXGroup;
			children = (
				A795674E1CA3F73F00A79EE6 /* HomeVC.swift */,
				A79567501CA3F77500A79EE6 /* Home.storyboard */,
			);
			name = UI;
			sourceTree = "<group>";
		};
/* End PBXGroup section */

/* Begin PBXNativeTarget section */
		A79566881CA29CBF00A79EE6 /* UserProfile */ = {
			isa = PBXNativeTarget;
			buildConfigurationList = A79566B41CA29CC000A79EE6 /* Build configuration list for PBXNativeTarget "UserProfile" */;
			buildPhases = (
				A79566851CA29CBF00A79EE6 /* Sources */,
				A79566861CA29CBF00A79EE6 /* Frameworks */,
				A79566871CA29CBF00A79EE6 /* Resources */,
			);
			buildRules = (
			);
			dependencies = (
			);
			name = UserProfile;
			productName = UserProfile;
			productReference = A79566891CA29CBF00A79EE6 /* UserProfile.app */;
			productType = "com.apple.product-type.application";
		};
		A795669F1CA29CC000A79EE6 /* UserProfileTests */ = {
			isa = PBXNativeTarget;
			buildConfigurationList = A79566B71CA29CC000A79EE6 /* Build configuration list for PBXNativeTarget "UserProfileTests" */;
			buildPhases = (
				A795669C1CA29CC000A79EE6 /* Sources */,
				A795669D1CA29CC000A79EE6 /* Frameworks */,
				A795669E1CA29CC000A79EE6 /* Resources */,
			);
			buildRules = (
			);
			dependencies = (
				A79566A21CA29CC000A79EE6 /* PBXTargetDependency */,
			);
			name = UserProfileTests;
			productName = UserProfileTests;
			productReference = A79566A01CA29CC000A79EE6 /* UserProfileTests.xctest */;
			productType = "com.apple.product-type.bundle.unit-test";
		};
		A79566AA1CA29CC000A79EE6 /* UserProfileUITests */ = {
			isa = PBXNativeTarget;
			buildConfigurationList = A79566BA1CA29CC000A79EE6 /* Build configuration list for PBXNativeTarget "UserProfileUITests" */;
			buildPhases = (
				A79566A71CA29CC000A79EE6 /* Sources */,
				A79566A81CA29CC000A79EE6 /* Frameworks */,
				A79566A91CA29CC000A79EE6 /* Resources */,
			);
			buildRules = (
			);
			dependencies = (
				A79566AD1CA29CC000A79EE6 /* PBXTargetDependency */,
			);
			name = UserProfileUITests;
			productName = UserProfileUITests;
			productReference = A79566AB1CA29CC000A79EE6 /* UserProfileUITests.xctest */;
			productType = "com.apple.product-type.bundle.ui-testing";
		};
/* End PBXNativeTarget section */

/* Begin PBXProject section */
		A79566811CA29CBF00A79EE6 /* Project object */ = {
			isa = PBXProject;
			attributes = {
				LastSwiftUpdateCheck = 0720;
				LastUpgradeCheck = 0720;
				ORGANIZATIONNAME = "Valentina Chernoeva";
				TargetAttributes = {
					A79566881CA29CBF00A79EE6 = {
						CreatedOnToolsVersion = 7.2;
					};
					A795669F1CA29CC000A79EE6 = {
						CreatedOnToolsVersion = 7.2;
						TestTargetID = A79566881CA29CBF00A79EE6;
					};
					A79566AA1CA29CC000A79EE6 = {
						CreatedOnToolsVersion = 7.2;
						TestTargetID = A79566881CA29CBF00A79EE6;
					};
				};
			};
			buildConfigurationList = A79566841CA29CBF00A79EE6 /* Build configuration list for PBXProject "UserProfile" */;
			compatibilityVersion = "Xcode 3.2";
			developmentRegion = English;
			hasScannedForEncodings = 0;
			knownRegions = (
				en,
				Base,
			);
			mainGroup = A79566801CA29CBF00A79EE6;
			productRefGroup = A795668A1CA29CBF00A79EE6 /* Products */;
			projectDirPath = "";
			projectRoot = "";
			targets = (
				A79566881CA29CBF00A79EE6 /* UserProfile */,
				A795669F1CA29CC000A79EE6 /* UserProfileTests */,
				A79566AA1CA29CC000A79EE6 /* UserProfileUITests */,
			);
		};
/* End PBXProject section */

/* Begin PBXResourcesBuildPhase section */
		A79566871CA29CBF00A79EE6 /* Resources */ = {
			isa = PBXResourcesBuildPhase;
			buildActionMask = 2147483647;
			files = (
				A795669A1CA29CBF00A79EE6 /* LaunchScreen.storyboard in Resources */,
				A79567511CA3F77500A79EE6 /* Home.storyboard in Resources */,
				A79566971CA29CBF00A79EE6 /* Assets.xcassets in Resources */,
				A79567281CA3F49400A79EE6 /* ChangingPwd.storyboard in Resources */,
				A795671C1CA3F46800A79EE6 /* UserProfile.storyboard in Resources */,
			);
			runOnlyForDeploymentPostprocessing = 0;
		};
		A795669E1CA29CC000A79EE6 /* Resources */ = {
			isa = PBXResourcesBuildPhase;
			buildActionMask = 2147483647;
			files = (
			);
			runOnlyForDeploymentPostprocessing = 0;
		};
		A79566A91CA29CC000A79EE6 /* Resources */ = {
			isa = PBXResourcesBuildPhase;
			buildActionMask = 2147483647;
			files = (
			);
			runOnlyForDeploymentPostprocessing = 0;
		};
/* End PBXResourcesBuildPhase section */

/* Begin PBXSourcesBuildPhase section */
		A79566851CA29CBF00A79EE6 /* Sources */ = {
			isa = PBXSourcesBuildPhase;
			buildActionMask = 2147483647;
			files = (
				A79566EB1CA3EA0D00A79EE6 /* UserProfile.xcdatamodeld in Sources */,
				A79567241CA3F47B00A79EE6 /* UserProfileInteractor.swift in Sources */,
				A79567311CA3F4A400A79EE6 /* ChangingPwdInteractorProtocol.swift in Sources */,
				A79566E41CA3E9D600A79EE6 /* User+CoreDataProperties.swift in Sources */,
				A79566E01CA3E9C900A79EE6 /* UserModel.swift in Sources */,
				A79566E31CA3E9D600A79EE6 /* User.swift in Sources */,
				A79567291CA3F49400A79EE6 /* ChangingPwdVC.swift in Sources */,
				A79567251CA3F47B00A79EE6 /* UserProfileInteractorProtocol.swift in Sources */,
				A79566E61CA3E9E500A79EE6 /* CoreDataManager.swift in Sources */,
				A795674F1CA3F73F00A79EE6 /* HomeVC.swift in Sources */,
				A795671D1CA3F46800A79EE6 /* UserProfileVC.swift in Sources */,
				A79567201CA3F47300A79EE6 /* UserProfileWireframe.swift in Sources */,
				A79567211CA3F47300A79EE6 /* UserProfileWireframeProtocol.swift in Sources */,
				A79567301CA3F4A400A79EE6 /* ChangingPwdInteractor.swift in Sources */,
				A795674C1CA3F73600A79EE6 /* HomeWireframe.swift in Sources */,
				A795674D1CA3F73600A79EE6 /* HomeWireframeProtocol.swift in Sources */,
				A795668D1CA29CBF00A79EE6 /* AppDelegate.swift in Sources */,
				A79566E81CA3E9EE00A79EE6 /* UserProvider.swift in Sources */,
				A79567481CA3F72E00A79EE6 /* HomeInteractor.swift in Sources */,
				A795672D1CA3F49C00A79EE6 /* ChangingPwdWireframeProtocol.swift in Sources */,
				A79567491CA3F72E00A79EE6 /* HomeInteractorProtocol.swift in Sources */,
				A795672C1CA3F49C00A79EE6 /* ChangingPwdWireframe.swift in Sources */,
			);
			runOnlyForDeploymentPostprocessing = 0;
		};
		A795669C1CA29CC000A79EE6 /* Sources */ = {
			isa = PBXSourcesBuildPhase;
			buildActionMask = 2147483647;
			files = (
				A79566A51CA29CC000A79EE6 /* UserProfileTests.swift in Sources */,
			);
			runOnlyForDeploymentPostprocessing = 0;
		};
		A79566A71CA29CC000A79EE6 /* Sources */ = {
			isa = PBXSourcesBuildPhase;
			buildActionMask = 2147483647;
			files = (
				A79566B01CA29CC000A79EE6 /* UserProfileUITests.swift in Sources */,
			);
			runOnlyForDeploymentPostprocessing = 0;
		};
/* End PBXSourcesBuildPhase section */

/* Begin PBXTargetDependency section */
		A79566A21CA29CC000A79EE6 /* PBXTargetDependency */ = {
			isa = PBXTargetDependency;
			target = A79566881CA29CBF00A79EE6 /* UserProfile */;
			targetProxy = A79566A11CA29CC000A79EE6 /* PBXContainerItemProxy */;
		};
		A79566AD1CA29CC000A79EE6 /* PBXTargetDependency */ = {
			isa = PBXTargetDependency;
			target = A79566881CA29CBF00A79EE6 /* UserProfile */;
			targetProxy = A79566AC1CA29CC000A79EE6 /* PBXContainerItemProxy */;
		};
/* End PBXTargetDependency section */

/* Begin PBXVariantGroup section */
		A79566981CA29CBF00A79EE6 /* LaunchScreen.storyboard */ = {
			isa = PBXVariantGroup;
			children = (
				A79566991CA29CBF00A79EE6 /* Base */,
			);
			name = LaunchScreen.storyboard;
			sourceTree = "<group>";
		};
/* End PBXVariantGroup section */

/* Begin XCBuildConfiguration section */
		A79566B21CA29CC000A79EE6 /* Debug */ = {
			isa = XCBuildConfiguration;
			buildSettings = {
				ALWAYS_SEARCH_USER_PATHS = NO;
				CLANG_CXX_LANGUAGE_STANDARD = "gnu++0x";
				CLANG_CXX_LIBRARY = "libc++";
				CLANG_ENABLE_MODULES = YES;
				CLANG_ENABLE_OBJC_ARC = YES;
				CLANG_WARN_BOOL_CONVERSION = YES;
				CLANG_WARN_CONSTANT_CONVERSION = YES;
				CLANG_WARN_DIRECT_OBJC_ISA_USAGE = YES_ERROR;
				CLANG_WARN_EMPTY_BODY = YES;
				CLANG_WARN_ENUM_CONVERSION = YES;
				CLANG_WARN_INT_CONVERSION = YES;
				CLANG_WARN_OBJC_ROOT_CLASS = YES_ERROR;
				CLANG_WARN_UNREACHABLE_CODE = YES;
				CLANG_WARN__DUPLICATE_METHOD_MATCH = YES;
				"CODE_SIGN_IDENTITY[sdk=iphoneos*]" = "iPhone Developer";
				COPY_PHASE_STRIP = NO;
				DEBUG_INFORMATION_FORMAT = dwarf;
				ENABLE_STRICT_OBJC_MSGSEND = YES;
				ENABLE_TESTABILITY = YES;
				GCC_C_LANGUAGE_STANDARD = gnu99;
				GCC_DYNAMIC_NO_PIC = NO;
				GCC_NO_COMMON_BLOCKS = YES;
				GCC_OPTIMIZATION_LEVEL = 0;
				GCC_PREPROCESSOR_DEFINITIONS = (
					"DEBUG=1",
					"$(inherited)",
				);
				GCC_WARN_64_TO_32_BIT_CONVERSION = YES;
				GCC_WARN_ABOUT_RETURN_TYPE = YES_ERROR;
				GCC_WARN_UNDECLARED_SELECTOR = YES;
				GCC_WARN_UNINITIALIZED_AUTOS = YES_AGGRESSIVE;
				GCC_WARN_UNUSED_FUNCTION = YES;
				GCC_WARN_UNUSED_VARIABLE = YES;
				IPHONEOS_DEPLOYMENT_TARGET = 9.2;
				MTL_ENABLE_DEBUG_INFO = YES;
				ONLY_ACTIVE_ARCH = YES;
				SDKROOT = iphoneos;
				SWIFT_OPTIMIZATION_LEVEL = "-Onone";
			};
			name = Debug;
		};
		A79566B31CA29CC000A79EE6 /* Release */ = {
			isa = XCBuildConfiguration;
			buildSettings = {
				ALWAYS_SEARCH_USER_PATHS = NO;
				CLANG_CXX_LANGUAGE_STANDARD = "gnu++0x";
				CLANG_CXX_LIBRARY = "libc++";
				CLANG_ENABLE_MODULES = YES;
				CLANG_ENABLE_OBJC_ARC = YES;
				CLANG_WARN_BOOL_CONVERSION = YES;
				CLANG_WARN_CONSTANT_CONVERSION = YES;
				CLANG_WARN_DIRECT_OBJC_ISA_USAGE = YES_ERROR;
				CLANG_WARN_EMPTY_BODY = YES;
				CLANG_WARN_ENUM_CONVERSION = YES;
				CLANG_WARN_INT_CONVERSION = YES;
				CLANG_WARN_OBJC_ROOT_CLASS = YES_ERROR;
				CLANG_WARN_UNREACHABLE_CODE = YES;
				CLANG_WARN__DUPLICATE_METHOD_MATCH = YES;
				"CODE_SIGN_IDENTITY[sdk=iphoneos*]" = "iPhone Developer";
				COPY_PHASE_STRIP = NO;
				DEBUG_INFORMATION_FORMAT = "dwarf-with-dsym";
				ENABLE_NS_ASSERTIONS = NO;
				ENABLE_STRICT_OBJC_MSGSEND = YES;
				GCC_C_LANGUAGE_STANDARD = gnu99;
				GCC_NO_COMMON_BLOCKS = YES;
				GCC_WARN_64_TO_32_BIT_CONVERSION = YES;
				GCC_WARN_ABOUT_RETURN_TYPE = YES_ERROR;
				GCC_WARN_UNDECLARED_SELECTOR = YES;
				GCC_WARN_UNINITIALIZED_AUTOS = YES_AGGRESSIVE;
				GCC_WARN_UNUSED_FUNCTION = YES;
				GCC_WARN_UNUSED_VARIABLE = YES;
				IPHONEOS_DEPLOYMENT_TARGET = 9.2;
				MTL_ENABLE_DEBUG_INFO = NO;
				SDKROOT = iphoneos;
				VALIDATE_PRODUCT = YES;
			};
			name = Release;
		};
		A79566B51CA29CC000A79EE6 /* Debug */ = {
			isa = XCBuildConfiguration;
			buildSettings = {
				ASSETCATALOG_COMPILER_APPICON_NAME = AppIcon;
				CLANG_ENABLE_MODULES = YES;
				INFOPLIST_FILE = UserProfile/Info.plist;
				LD_RUNPATH_SEARCH_PATHS = "$(inherited) @executable_path/Frameworks";
				PRODUCT_BUNDLE_IDENTIFIER = ValentinaChernoeva.UserProfile;
				PRODUCT_NAME = "$(TARGET_NAME)";
				SWIFT_OBJC_BRIDGING_HEADER = "UserProfile-Bridging-Header.h";
				SWIFT_OPTIMIZATION_LEVEL = "-Onone";
			};
			name = Debug;
		};
		A79566B61CA29CC000A79EE6 /* Release */ = {
			isa = XCBuildConfiguration;
			buildSettings = {
				ASSETCATALOG_COMPILER_APPICON_NAME = AppIcon;
				CLANG_ENABLE_MODULES = YES;
				INFOPLIST_FILE = UserProfile/Info.plist;
				LD_RUNPATH_SEARCH_PATHS = "$(inherited) @executable_path/Frameworks";
				PRODUCT_BUNDLE_IDENTIFIER = ValentinaChernoeva.UserProfile;
				PRODUCT_NAME = "$(TARGET_NAME)";
				SWIFT_OBJC_BRIDGING_HEADER = "UserProfile-Bridging-Header.h";
			};
			name = Release;
		};
		A79566B81CA29CC000A79EE6 /* Debug */ = {
			isa = XCBuildConfiguration;
			buildSettings = {
				BUNDLE_LOADER = "$(TEST_HOST)";
				INFOPLIST_FILE = UserProfileTests/Info.plist;
				LD_RUNPATH_SEARCH_PATHS = "$(inherited) @executable_path/Frameworks @loader_path/Frameworks";
				PRODUCT_BUNDLE_IDENTIFIER = ValentinaChernoeva.UserProfileTests;
				PRODUCT_NAME = "$(TARGET_NAME)";
				TEST_HOST = "$(BUILT_PRODUCTS_DIR)/UserProfile.app/UserProfile";
			};
			name = Debug;
		};
		A79566B91CA29CC000A79EE6 /* Release */ = {
			isa = XCBuildConfiguration;
			buildSettings = {
				BUNDLE_LOADER = "$(TEST_HOST)";
				INFOPLIST_FILE = UserProfileTests/Info.plist;
				LD_RUNPATH_SEARCH_PATHS = "$(inherited) @executable_path/Frameworks @loader_path/Frameworks";
				PRODUCT_BUNDLE_IDENTIFIER = ValentinaChernoeva.UserProfileTests;
				PRODUCT_NAME = "$(TARGET_NAME)";
				TEST_HOST = "$(BUILT_PRODUCTS_DIR)/UserProfile.app/UserProfile";
			};
			name = Release;
		};
		A79566BB1CA29CC000A79EE6 /* Debug */ = {
			isa = XCBuildConfiguration;
			buildSettings = {
				INFOPLIST_FILE = UserProfileUITests/Info.plist;
				LD_RUNPATH_SEARCH_PATHS = "$(inherited) @executable_path/Frameworks @loader_path/Frameworks";
				PRODUCT_BUNDLE_IDENTIFIER = ValentinaChernoeva.UserProfileUITests;
				PRODUCT_NAME = "$(TARGET_NAME)";
				TEST_TARGET_NAME = UserProfile;
				USES_XCTRUNNER = YES;
			};
			name = Debug;
		};
		A79566BC1CA29CC000A79EE6 /* Release */ = {
			isa = XCBuildConfiguration;
			buildSettings = {
				INFOPLIST_FILE = UserProfileUITests/Info.plist;
				LD_RUNPATH_SEARCH_PATHS = "$(inherited) @executable_path/Frameworks @loader_path/Frameworks";
				PRODUCT_BUNDLE_IDENTIFIER = ValentinaChernoeva.UserProfileUITests;
				PRODUCT_NAME = "$(TARGET_NAME)";
				TEST_TARGET_NAME = UserProfile;
				USES_XCTRUNNER = YES;
			};
			name = Release;
		};
/* End XCBuildConfiguration section */

/* Begin XCConfigurationList section */
		A79566841CA29CBF00A79EE6 /* Build configuration list for PBXProject "UserProfile" */ = {
			isa = XCConfigurationList;
			buildConfigurations = (
				A79566B21CA29CC000A79EE6 /* Debug */,
				A79566B31CA29CC000A79EE6 /* Release */,
			);
			defaultConfigurationIsVisible = 0;
			defaultConfigurationName = Release;
		};
		A79566B41CA29CC000A79EE6 /* Build configuration list for PBXNativeTarget "UserProfile" */ = {
			isa = XCConfigurationList;
			buildConfigurations = (
				A79566B51CA29CC000A79EE6 /* Debug */,
				A79566B61CA29CC000A79EE6 /* Release */,
			);
			defaultConfigurationIsVisible = 0;
			defaultConfigurationName = Release;
		};
		A79566B71CA29CC000A79EE6 /* Build configuration list for PBXNativeTarget "UserProfileTests" */ = {
			isa = XCConfigurationList;
			buildConfigurations = (
				A79566B81CA29CC000A79EE6 /* Debug */,
				A79566B91CA29CC000A79EE6 /* Release */,
			);
			defaultConfigurationIsVisible = 0;
			defaultConfigurationName = Release;
		};
		A79566BA1CA29CC000A79EE6 /* Build configuration list for PBXNativeTarget "UserProfileUITests" */ = {
			isa = XCConfigurationList;
			buildConfigurations = (
				A79566BB1CA29CC000A79EE6 /* Debug */,
				A79566BC1CA29CC000A79EE6 /* Release */,
			);
			defaultConfigurationIsVisible = 0;
			defaultConfigurationName = Release;
		};
/* End XCConfigurationList section */

/* Begin XCVersionGroup section */
		A79566E91CA3EA0D00A79EE6 /* UserProfile.xcdatamodeld */ = {
			isa = XCVersionGroup;
			children = (
				A79566EA1CA3EA0D00A79EE6 /* UserProfile.xcdatamodel */,
			);
			currentVersion = A79566EA1CA3EA0D00A79EE6 /* UserProfile.xcdatamodel */;
			name = UserProfile.xcdatamodeld;
			path = "Data store/UserProfile.xcdatamodeld";
			sourceTree = "<group>";
			versionGroupType = wrapper.xcdatamodel;
		};
/* End XCVersionGroup section */
	};
	rootObject = A79566811CA29CBF00A79EE6 /* Project object */;
}
